
Microsoft Visual Studio Solution File, Format Version 12.00
# Visual Studio Version 17
VisualStudioVersion = 17.9.34622.214
MinimumVisualStudioVersion = 10.0.40219.1
Project("{9A19103F-16F7-4668-BE54-9A1E7A4F7556}") = "Entities", "Entities\Entities.csproj", "{F8EB44E7-11F0-49A2-9E70-1B757E5123B0}"
EndProject
Project("{9A19103F-16F7-4668-BE54-9A1E7A4F7556}") = "DataAccess", "DataAccess\DataAccess.csproj", "{B81DB36E-88F3-4ECD-9E29-AB9928C40841}"
EndProject
Project("{9A19103F-16F7-4668-BE54-9A1E7A4F7556}") = "Business", "Business\Business.csproj", "{193BE20C-5585-4D9B-BE28-3417435FA5D6}"
EndProject
Project("{9A19103F-16F7-4668-BE54-9A1E7A4F7556}") = "Core", "Core\Core.csproj", "{B806CE51-5A4E-4400-BCBE-B876665A2E87}"
EndProject
Project("{9A19103F-16F7-4668-BE54-9A1E7A4F7556}") = "RentACarWebAPI", "RentACarWebAPI\RentACarWebAPI.csproj", "{1485C021-6DDD-41AC-B8FD-56699A4156BD}"
EndProject
Global
	GlobalSection(SolutionConfigurationPlatforms) = preSolution
		Debug|Any CPU = Debug|Any CPU
		Release|Any CPU = Release|Any CPU
	EndGlobalSection
	GlobalSection(ProjectConfigurationPlatforms) = postSolution
		{F8EB44E7-11F0-49A2-9E70-1B757E5123B0}.Debug|Any CPU.ActiveCfg = Debug|Any CPU
		{F8EB44E7-11F0-49A2-9E70-1B757E5123B0}.Debug|Any CPU.Build.0 = Debug|Any CPU
		{F8EB44E7-11F0-49A2-9E70-1B757E5123B0}.Release|Any CPU.ActiveCfg = Release|Any CPU
		{F8EB44E7-11F0-49A2-9E70-1B757E5123B0}.Release|Any CPU.Build.0 = Release|Any CPU
		{B81DB36E-88F3-4ECD-9E29-AB9928C40841}.Debug|Any CPU.ActiveCfg = Debug|Any CPU
		{B81DB36E-88F3-4ECD-9E29-AB9928C40841}.Debug|Any CPU.Build.0 = Debug|Any CPU
		{B81DB36E-88F3-4ECD-9E29-AB9928C40841}.Release|Any CPU.ActiveCfg = Release|Any CPU
		{B81DB36E-88F3-4ECD-9E29-AB9928C40841}.Release|Any CPU.Build.0 = Release|Any CPU
		{193BE20C-5585-4D9B-BE28-3417435FA5D6}.Debug|Any CPU.ActiveCfg = Debug|Any CPU
		{193BE20C-5585-4D9B-BE28-3417435FA5D6}.Debug|Any CPU.Build.0 = Debug|Any CPU
		{193BE20C-5585-4D9B-BE28-3417435FA5D6}.Release|Any CPU.ActiveCfg = Release|Any CPU
		{193BE20C-5585-4D9B-BE28-3417435FA5D6}.Release|Any CPU.Build.0 = Release|Any CPU
		{B806CE51-5A4E-4400-BCBE-B876665A2E87}.Debug|Any CPU.ActiveCfg = Debug|Any CPU
		{B806CE51-5A4E-4400-BCBE-B876665A2E87}.Debug|Any CPU.Build.0 = Debug|Any CPU
		{B806CE51-5A4E-4400-BCBE-B876665A2E87}.Release|Any CPU.ActiveCfg = Release|Any CPU
		{B806CE51-5A4E-4400-BCBE-B876665A2E87}.Release|Any CPU.Build.0 = Release|Any CPU
		{1485C021-6DDD-41AC-B8FD-56699A4156BD}.Debug|Any CPU.ActiveCfg = Debug|Any CPU
		{1485C021-6DDD-41AC-B8FD-56699A4156BD}.Debug|Any CPU.Build.0 = Debug|Any CPU
		{1485C021-6DDD-41AC-B8FD-56699A4156BD}.Release|Any CPU.ActiveCfg = Release|Any CPU
		{1485C021-6DDD-41AC-B8FD-56699A4156BD}.Release|Any CPU.Build.0 = Release|Any CPU
	EndGlobalSection
	GlobalSection(SolutionProperties) = preSolution
		HideSolutionNode = FALSE
	EndGlobalSection
	GlobalSection(ExtensibilityGlobals) = postSolution
		SolutionGuid = {CBFA574D-EF60-419C-B00B-49F26425C90E}
	EndGlobalSection
EndGlobal
